
Microsoft Visual Studio Solution File, Format Version 12.00
# Visual Studio Version 17
VisualStudioVersion = 17.9.34728.123
MinimumVisualStudioVersion = 10.0.40219.1
Project("{FAE04EC0-301F-11D3-BF4B-00C04F79EFBC}") = "Entidades", "Entidades\Entidades.csproj", "{5E8CC51D-A139-41C8-ABFB-5EF9FBE4DBC6}"
EndProject
Project("{FAE04EC0-301F-11D3-BF4B-00C04F79EFBC}") = "Test", "Test\Test.csproj", "{C4112EF5-4601-4F89-BC2D-6A193324BE6E}"
EndProject
Global
	GlobalSection(SolutionConfigurationPlatforms) = preSolution
		Debug|Any CPU = Debug|Any CPU
		Release|Any CPU = Release|Any CPU
	EndGlobalSection
	GlobalSection(ProjectConfigurationPlatforms) = postSolution
		{5E8CC51D-A139-41C8-ABFB-5EF9FBE4DBC6}.Debug|Any CPU.ActiveCfg = Debug|Any CPU
		{5E8CC51D-A139-41C8-ABFB-5EF9FBE4DBC6}.Debug|Any CPU.Build.0 = Debug|Any CPU
		{5E8CC51D-A139-41C8-ABFB-5EF9FBE4DBC6}.Release|Any CPU.ActiveCfg = Release|Any CPU
		{5E8CC51D-A139-41C8-ABFB-5EF9FBE4DBC6}.Release|Any CPU.Build.0 = Release|Any CPU
		{C4112EF5-4601-4F89-BC2D-6A193324BE6E}.Debug|Any CPU.ActiveCfg = Debug|Any CPU
		{C4112EF5-4601-4F89-BC2D-6A193324BE6E}.Debug|Any CPU.Build.0 = Debug|Any CPU
		{C4112EF5-4601-4F89-BC2D-6A193324BE6E}.Release|Any CPU.ActiveCfg = Release|Any CPU
		{C4112EF5-4601-4F89-BC2D-6A193324BE6E}.Release|Any CPU.Build.0 = Release|Any CPU
	EndGlobalSection
	GlobalSection(SolutionProperties) = preSolution
		HideSolutionNode = FALSE
	EndGlobalSection
	GlobalSection(ExtensibilityGlobals) = postSolution
		SolutionGuid = {0B3E4178-97F6-4714-8229-BC8859028E7E}
	EndGlobalSection
EndGlobal
